
Microsoft Visual Studio Solution File, Format Version 12.00
# Visual Studio Version 17
VisualStudioVersion = 17.4.33205.214
MinimumVisualStudioVersion = 10.0.40219.1
Project("{9A19103F-16F7-4668-BE54-9A1E7A4F7556}") = "Algorithm-and-Data-Structures", "Algorithm-and-Data-Structures\Algorithm-and-Data-Structures.csproj", "{90CFA9D2-0559-4F43-A162-A16DD0513A75}"
EndProject
Project("{9A19103F-16F7-4668-BE54-9A1E7A4F7556}") = "Ex01_Arrays", "Ex01_Arrays\Ex01_Arrays.csproj", "{3FA517F5-1A8A-4340-9C29-509870A4E834}"
EndProject
Project("{2150E333-8FDC-42A3-9474-1A3956D46DE8}") = "Элементы решения", "Элементы решения", "{7E138974-29C9-418C-A0AA-1589CA3D490D}"
	ProjectSection(SolutionItems) = preProject
		README.md = README.md
	EndProjectSection
EndProject
Project("{9A19103F-16F7-4668-BE54-9A1E7A4F7556}") = "Ex02_SortingAlgorithms", "Ex02_SortingAlgorithms\Ex02_SortingAlgorithms.csproj", "{DE45EEBA-73CA-4C02-9A5B-B552C972C8F6}"
EndProject
Project("{9A19103F-16F7-4668-BE54-9A1E7A4F7556}") = "Lib.Tests", "Lib.Tests\Lib.Tests.csproj", "{4C54CFF6-E173-4B9F-9599-AA6E5EA33068}"
EndProject
Project("{9A19103F-16F7-4668-BE54-9A1E7A4F7556}") = "Ex03_LinkedList", "Ex03_LinkedList\Ex03_LinkedList.csproj", "{0DE95FCC-A445-4385-AF67-5A8FF96499A5}"
EndProject
Project("{9A19103F-16F7-4668-BE54-9A1E7A4F7556}") = "Ex04_Stack", "Ex04_Stack\Ex04_Stack.csproj", "{9D07DC02-02FC-4365-88AD-25EF8090ADEE}"
EndProject
Project("{9A19103F-16F7-4668-BE54-9A1E7A4F7556}") = "Ex05_Queue", "Ex05_Queue\Ex05_Queue.csproj", "{9669FA2B-2729-4818-B3DE-0EA98725DFA4}"
EndProject
Project("{9A19103F-16F7-4668-BE54-9A1E7A4F7556}") = "Ex06_SearchingAlgorithms", "Ex06_SearchingAlgorithms\Ex06_SearchingAlgorithms.csproj", "{40AB4E00-C958-4B4A-AD07-C6E5EB750AA4}"
EndProject
Project("{9A19103F-16F7-4668-BE54-9A1E7A4F7556}") = "Ex08_HashTables", "Ex08_HashTables\Ex08_HashTables.csproj", "{96666978-325F-43B5-A267-1D1646728A21}"
EndProject
Project("{9A19103F-16F7-4668-BE54-9A1E7A4F7556}") = "Ex09_BSTree", "Ex09_Trees\Ex09_BSTree.csproj", "{431ABFA8-CC1F-4352-ADCB-8C255A93F897}"
EndProject
Project("{9A19103F-16F7-4668-BE54-9A1E7A4F7556}") = "Ex10_Heap", "Ex10_Heap\Ex10_Heap.csproj", "{36FC7828-B640-451D-9567-CA8DAC591943}"
EndProject
Project("{9A19103F-16F7-4668-BE54-9A1E7A4F7556}") = "Ex07_SymbolTables", "Ex07_SymbolTables\Ex07_SymbolTables.csproj", "{D6A23718-B0B2-442B-86DF-CB765A88C447}"
EndProject
Global
	GlobalSection(SolutionConfigurationPlatforms) = preSolution
		Debug|Any CPU = Debug|Any CPU
		Release|Any CPU = Release|Any CPU
	EndGlobalSection
	GlobalSection(ProjectConfigurationPlatforms) = postSolution
		{90CFA9D2-0559-4F43-A162-A16DD0513A75}.Debug|Any CPU.ActiveCfg = Debug|Any CPU
		{90CFA9D2-0559-4F43-A162-A16DD0513A75}.Debug|Any CPU.Build.0 = Debug|Any CPU
		{90CFA9D2-0559-4F43-A162-A16DD0513A75}.Release|Any CPU.ActiveCfg = Release|Any CPU
		{90CFA9D2-0559-4F43-A162-A16DD0513A75}.Release|Any CPU.Build.0 = Release|Any CPU
		{3FA517F5-1A8A-4340-9C29-509870A4E834}.Debug|Any CPU.ActiveCfg = Debug|Any CPU
		{3FA517F5-1A8A-4340-9C29-509870A4E834}.Debug|Any CPU.Build.0 = Debug|Any CPU
		{3FA517F5-1A8A-4340-9C29-509870A4E834}.Release|Any CPU.ActiveCfg = Release|Any CPU
		{3FA517F5-1A8A-4340-9C29-509870A4E834}.Release|Any CPU.Build.0 = Release|Any CPU
		{DE45EEBA-73CA-4C02-9A5B-B552C972C8F6}.Debug|Any CPU.ActiveCfg = Debug|Any CPU
		{DE45EEBA-73CA-4C02-9A5B-B552C972C8F6}.Debug|Any CPU.Build.0 = Debug|Any CPU
		{DE45EEBA-73CA-4C02-9A5B-B552C972C8F6}.Release|Any CPU.ActiveCfg = Release|Any CPU
		{DE45EEBA-73CA-4C02-9A5B-B552C972C8F6}.Release|Any CPU.Build.0 = Release|Any CPU
		{4C54CFF6-E173-4B9F-9599-AA6E5EA33068}.Debug|Any CPU.ActiveCfg = Debug|Any CPU
		{4C54CFF6-E173-4B9F-9599-AA6E5EA33068}.Debug|Any CPU.Build.0 = Debug|Any CPU
		{4C54CFF6-E173-4B9F-9599-AA6E5EA33068}.Release|Any CPU.ActiveCfg = Release|Any CPU
		{4C54CFF6-E173-4B9F-9599-AA6E5EA33068}.Release|Any CPU.Build.0 = Release|Any CPU
		{0DE95FCC-A445-4385-AF67-5A8FF96499A5}.Debug|Any CPU.ActiveCfg = Debug|Any CPU
		{0DE95FCC-A445-4385-AF67-5A8FF96499A5}.Debug|Any CPU.Build.0 = Debug|Any CPU
		{0DE95FCC-A445-4385-AF67-5A8FF96499A5}.Release|Any CPU.ActiveCfg = Release|Any CPU
		{0DE95FCC-A445-4385-AF67-5A8FF96499A5}.Release|Any CPU.Build.0 = Release|Any CPU
		{9D07DC02-02FC-4365-88AD-25EF8090ADEE}.Debug|Any CPU.ActiveCfg = Debug|Any CPU
		{9D07DC02-02FC-4365-88AD-25EF8090ADEE}.Debug|Any CPU.Build.0 = Debug|Any CPU
		{9D07DC02-02FC-4365-88AD-25EF8090ADEE}.Release|Any CPU.ActiveCfg = Release|Any CPU
		{9D07DC02-02FC-4365-88AD-25EF8090ADEE}.Release|Any CPU.Build.0 = Release|Any CPU
		{9669FA2B-2729-4818-B3DE-0EA98725DFA4}.Debug|Any CPU.ActiveCfg = Debug|Any CPU
		{9669FA2B-2729-4818-B3DE-0EA98725DFA4}.Debug|Any CPU.Build.0 = Debug|Any CPU
		{9669FA2B-2729-4818-B3DE-0EA98725DFA4}.Release|Any CPU.ActiveCfg = Release|Any CPU
		{9669FA2B-2729-4818-B3DE-0EA98725DFA4}.Release|Any CPU.Build.0 = Release|Any CPU
		{40AB4E00-C958-4B4A-AD07-C6E5EB750AA4}.Debug|Any CPU.ActiveCfg = Debug|Any CPU
		{40AB4E00-C958-4B4A-AD07-C6E5EB750AA4}.Debug|Any CPU.Build.0 = Debug|Any CPU
		{40AB4E00-C958-4B4A-AD07-C6E5EB750AA4}.Release|Any CPU.ActiveCfg = Release|Any CPU
		{40AB4E00-C958-4B4A-AD07-C6E5EB750AA4}.Release|Any CPU.Build.0 = Release|Any CPU
		{96666978-325F-43B5-A267-1D1646728A21}.Debug|Any CPU.ActiveCfg = Debug|Any CPU
		{96666978-325F-43B5-A267-1D1646728A21}.Debug|Any CPU.Build.0 = Debug|Any CPU
		{96666978-325F-43B5-A267-1D1646728A21}.Release|Any CPU.ActiveCfg = Release|Any CPU
		{96666978-325F-43B5-A267-1D1646728A21}.Release|Any CPU.Build.0 = Release|Any CPU
		{431ABFA8-CC1F-4352-ADCB-8C255A93F897}.Debug|Any CPU.ActiveCfg = Debug|Any CPU
		{431ABFA8-CC1F-4352-ADCB-8C255A93F897}.Debug|Any CPU.Build.0 = Debug|Any CPU
		{431ABFA8-CC1F-4352-ADCB-8C255A93F897}.Release|Any CPU.ActiveCfg = Release|Any CPU
		{431ABFA8-CC1F-4352-ADCB-8C255A93F897}.Release|Any CPU.Build.0 = Release|Any CPU
		{36FC7828-B640-451D-9567-CA8DAC591943}.Debug|Any CPU.ActiveCfg = Debug|Any CPU
		{36FC7828-B640-451D-9567-CA8DAC591943}.Debug|Any CPU.Build.0 = Debug|Any CPU
		{36FC7828-B640-451D-9567-CA8DAC591943}.Release|Any CPU.ActiveCfg = Release|Any CPU
		{36FC7828-B640-451D-9567-CA8DAC591943}.Release|Any CPU.Build.0 = Release|Any CPU
		{D6A23718-B0B2-442B-86DF-CB765A88C447}.Debug|Any CPU.ActiveCfg = Debug|Any CPU
		{D6A23718-B0B2-442B-86DF-CB765A88C447}.Debug|Any CPU.Build.0 = Debug|Any CPU
		{D6A23718-B0B2-442B-86DF-CB765A88C447}.Release|Any CPU.ActiveCfg = Release|Any CPU
		{D6A23718-B0B2-442B-86DF-CB765A88C447}.Release|Any CPU.Build.0 = Release|Any CPU
	EndGlobalSection
	GlobalSection(SolutionProperties) = preSolution
		HideSolutionNode = FALSE
	EndGlobalSection
	GlobalSection(ExtensibilityGlobals) = postSolution
		SolutionGuid = {762286AF-E812-4250-A65C-AEDC52E38595}
	EndGlobalSection
EndGlobal
